// !$*UTF8*$!
{
	archiveVersion = 1;
	classes = {
	};
	objectVersion = 50;
	objects = {

/* Begin PBXBuildFile section */
		040D10E122C99DE400001509 /* AppDelegate.swift in Sources */ = {isa = PBXBuildFile; fileRef = 040D10E022C99DE400001509 /* AppDelegate.swift */; };
		040D10E322C99DE400001509 /* ViewController.swift in Sources */ = {isa = PBXBuildFile; fileRef = 040D10E222C99DE400001509 /* ViewController.swift */; };
		040D10E622C99DE400001509 /* Main.storyboard in Resources */ = {isa = PBXBuildFile; fileRef = 040D10E422C99DE400001509 /* Main.storyboard */; };
		040D10E822C99DE600001509 /* Assets.xcassets in Resources */ = {isa = PBXBuildFile; fileRef = 040D10E722C99DE600001509 /* Assets.xcassets */; };
		040D10EB22C99DE600001509 /* LaunchScreen.storyboard in Resources */ = {isa = PBXBuildFile; fileRef = 040D10E922C99DE600001509 /* LaunchScreen.storyboard */; };
		040D10F322C9A1EC00001509 /* PostCell.swift in Sources */ = {isa = PBXBuildFile; fileRef = 040D10F222C9A1EC00001509 /* PostCell.swift */; };
		040D10F822C9A3F300001509 /* Post.swift in Sources */ = {isa = PBXBuildFile; fileRef = 040D10F722C9A3F300001509 /* Post.swift */; };
		040D10FA22C9A48900001509 /* Poster.swift in Sources */ = {isa = PBXBuildFile; fileRef = 040D10F922C9A48800001509 /* Poster.swift */; };
		040D10FC22C9F6C200001509 /* ProfileVC.swift in Sources */ = {isa = PBXBuildFile; fileRef = 040D10FB22C9F6C100001509 /* ProfileVC.swift */; };
		040D10FE22C9FF6F00001509 /* NewPostVC.swift in Sources */ = {isa = PBXBuildFile; fileRef = 040D10FD22C9FF6F00001509 /* NewPostVC.swift */; };
		04D7B29A22CB01A70000B2CC /* DateExtension.swift in Sources */ = {isa = PBXBuildFile; fileRef = 04D7B29922CB01A70000B2CC /* DateExtension.swift */; };
		04D7B29C22CB38F80000B2CC /* MyTextField.swift in Sources */ = {isa = PBXBuildFile; fileRef = 04D7B29B22CB38F80000B2CC /* MyTextField.swift */; };
/* End PBXBuildFile section */

/* Begin PBXFileReference section */
		040D10DD22C99DE400001509 /* Feed_v1.app */ = {isa = PBXFileReference; explicitFileType = wrapper.application; includeInIndex = 0; path = Feed_v1.app; sourceTree = BUILT_PRODUCTS_DIR; };
		040D10E022C99DE400001509 /* AppDelegate.swift */ = {isa = PBXFileReference; lastKnownFileType = sourcecode.swift; path = AppDelegate.swift; sourceTree = "<group>"; };
		040D10E222C99DE400001509 /* ViewController.swift */ = {isa = PBXFileReference; lastKnownFileType = sourcecode.swift; path = ViewController.swift; sourceTree = "<group>"; };
		040D10E522C99DE400001509 /* Base */ = {isa = PBXFileReference; lastKnownFileType = file.storyboard; name = Base; path = Base.lproj/Main.storyboard; sourceTree = "<group>"; };
		040D10E722C99DE600001509 /* Assets.xcassets */ = {isa = PBXFileReference; lastKnownFileType = folder.assetcatalog; path = Assets.xcassets; sourceTree = "<group>"; };
		040D10EA22C99DE600001509 /* Base */ = {isa = PBXFileReference; lastKnownFileType = file.storyboard; name = Base; path = Base.lproj/LaunchScreen.storyboard; sourceTree = "<group>"; };
		040D10EC22C99DE600001509 /* Info.plist */ = {isa = PBXFileReference; lastKnownFileType = text.plist.xml; path = Info.plist; sourceTree = "<group>"; };
		040D10F222C9A1EC00001509 /* PostCell.swift */ = {isa = PBXFileReference; lastKnownFileType = sourcecode.swift; path = PostCell.swift; sourceTree = "<group>"; };
		040D10F722C9A3F300001509 /* Post.swift */ = {isa = PBXFileReference; lastKnownFileType = sourcecode.swift; path = Post.swift; sourceTree = "<group>"; };
		040D10F922C9A48800001509 /* Poster.swift */ = {isa = PBXFileReference; lastKnownFileType = sourcecode.swift; path = Poster.swift; sourceTree = "<group>"; };
		040D10FB22C9F6C100001509 /* ProfileVC.swift */ = {isa = PBXFileReference; lastKnownFileType = sourcecode.swift; path = ProfileVC.swift; sourceTree = "<group>"; };
		040D10FD22C9FF6F00001509 /* NewPostVC.swift */ = {isa = PBXFileReference; lastKnownFileType = sourcecode.swift; path = NewPostVC.swift; sourceTree = "<group>"; };
		04D7B29922CB01A70000B2CC /* DateExtension.swift */ = {isa = PBXFileReference; lastKnownFileType = sourcecode.swift; path = DateExtension.swift; sourceTree = "<group>"; };
		04D7B29B22CB38F80000B2CC /* MyTextField.swift */ = {isa = PBXFileReference; lastKnownFileType = sourcecode.swift; path = MyTextField.swift; sourceTree = "<group>"; };
/* End PBXFileReference section */

/* Begin PBXFrameworksBuildPhase section */
		040D10DA22C99DE400001509 /* Frameworks */ = {
			isa = PBXFrameworksBuildPhase;
			buildActionMask = 2147483647;
			files = (
			);
			runOnlyForDeploymentPostprocessing = 0;
		};
/* End PBXFrameworksBuildPhase section */

/* Begin PBXGroup section */
		040D10D422C99DE400001509 = {
			isa = PBXGroup;
			children = (
				040D10DF22C99DE400001509 /* Feed_v1 */,
				040D10DE22C99DE400001509 /* Products */,
			);
			sourceTree = "<group>";
		};
		040D10DE22C99DE400001509 /* Products */ = {
			isa = PBXGroup;
			children = (
				040D10DD22C99DE400001509 /* Feed_v1.app */,
			);
			name = Products;
			sourceTree = "<group>";
		};
		040D10DF22C99DE400001509 /* Feed_v1 */ = {
			isa = PBXGroup;
			children = (
				040D10F622C9A3AD00001509 /* Model */,
				040D10F522C9A3A900001509 /* View */,
				040D10F422C9A39F00001509 /* Controller */,
				040D10E022C99DE400001509 /* AppDelegate.swift */,
				040D10E422C99DE400001509 /* Main.storyboard */,
				040D10E722C99DE600001509 /* Assets.xcassets */,
				040D10E922C99DE600001509 /* LaunchScreen.storyboard */,
				040D10EC22C99DE600001509 /* Info.plist */,
				04D7B29922CB01A70000B2CC /* DateExtension.swift */,
			);
			path = Feed_v1;
			sourceTree = "<group>";
		};
		040D10F422C9A39F00001509 /* Controller */ = {
			isa = PBXGroup;
			children = (
				040D10E222C99DE400001509 /* ViewController.swift */,
				040D10FB22C9F6C100001509 /* ProfileVC.swift */,
				040D10FD22C9FF6F00001509 /* NewPostVC.swift */,
			);
			path = Controller;
			sourceTree = "<group>";
		};
		040D10F522C9A3A900001509 /* View */ = {
			isa = PBXGroup;
			children = (
				040D10F222C9A1EC00001509 /* PostCell.swift */,
				04D7B29B22CB38F80000B2CC /* MyTextField.swift */,
			);
			path = View;
			sourceTree = "<group>";
		};
		040D10F622C9A3AD00001509 /* Model */ = {
			isa = PBXGroup;
			children = (
				040D10F722C9A3F300001509 /* Post.swift */,
				040D10F922C9A48800001509 /* Poster.swift */,
			);
			path = Model;
			sourceTree = "<group>";
		};
/* End PBXGroup section */

/* Begin PBXNativeTarget section */
		040D10DC22C99DE400001509 /* Feed_v1 */ = {
			isa = PBXNativeTarget;
			buildConfigurationList = 040D10EF22C99DE600001509 /* Build configuration list for PBXNativeTarget "Feed_v1" */;
			buildPhases = (
				040D10D922C99DE400001509 /* Sources */,
				040D10DA22C99DE400001509 /* Frameworks */,
				040D10DB22C99DE400001509 /* Resources */,
			);
			buildRules = (
			);
			dependencies = (
			);
			name = Feed_v1;
			productName = Feed_v1;
			productReference = 040D10DD22C99DE400001509 /* Feed_v1.app */;
			productType = "com.apple.product-type.application";
		};
/* End PBXNativeTarget section */

/* Begin PBXProject section */
		040D10D522C99DE400001509 /* Project object */ = {
			isa = PBXProject;
			attributes = {
				LastSwiftUpdateCheck = 1020;
				LastUpgradeCheck = 1020;
				ORGANIZATIONNAME = HungPB;
				TargetAttributes = {
					040D10DC22C99DE400001509 = {
						CreatedOnToolsVersion = 10.2.1;
					};
				};
			};
			buildConfigurationList = 040D10D822C99DE400001509 /* Build configuration list for PBXProject "Feed_v1" */;
			compatibilityVersion = "Xcode 9.3";
			developmentRegion = en;
			hasScannedForEncodings = 0;
			knownRegions = (
				en,
				Base,
			);
			mainGroup = 040D10D422C99DE400001509;
			productRefGroup = 040D10DE22C99DE400001509 /* Products */;
			projectDirPath = "";
			projectRoot = "";
			targets = (
				040D10DC22C99DE400001509 /* Feed_v1 */,
			);
		};
/* End PBXProject section */

/* Begin PBXResourcesBuildPhase section */
		040D10DB22C99DE400001509 /* Resources */ = {
			isa = PBXResourcesBuildPhase;
			buildActionMask = 2147483647;
			files = (
				040D10EB22C99DE600001509 /* LaunchScreen.storyboard in Resources */,
				040D10E822C99DE600001509 /* Assets.xcassets in Resources */,
				040D10E622C99DE400001509 /* Main.storyboard in Resources */,
			);
			runOnlyForDeploymentPostprocessing = 0;
		};
/* End PBXResourcesBuildPhase section */

/* Begin PBXSourcesBuildPhase section */
		040D10D922C99DE400001509 /* Sources */ = {
			isa = PBXSourcesBuildPhase;
			buildActionMask = 2147483647;
			files = (
				040D10FE22C9FF6F00001509 /* NewPostVC.swift in Sources */,
				040D10FC22C9F6C200001509 /* ProfileVC.swift in Sources */,
				040D10E322C99DE400001509 /* ViewController.swift in Sources */,
				040D10F322C9A1EC00001509 /* PostCell.swift in Sources */,
				04D7B29A22CB01A70000B2CC /* DateExtension.swift in Sources */,
				04D7B29C22CB38F80000B2CC /* MyTextField.swift in Sources */,
				040D10FA22C9A48900001509 /* Poster.swift in Sources */,
				040D10E122C99DE400001509 /* AppDelegate.swift in Sources */,
				040D10F822C9A3F300001509 /* Post.swift in Sources */,
			);
			runOnlyForDeploymentPostprocessing = 0;
		};
/* End PBXSourcesBuildPhase section */

/* Begin PBXVariantGroup section */
		040D10E422C99DE400001509 /* Main.storyboard */ = {
			isa = PBXVariantGroup;
			children = (
				040D10E522C99DE400001509 /* Base */,
			);
			name = Main.storyboard;
			sourceTree = "<group>";
		};
		040D10E922C99DE600001509 /* LaunchScreen.storyboard */ = {
			isa = PBXVariantGroup;
			children = (
				040D10EA22C99DE600001509 /* Base */,
			);
			name = LaunchScreen.storyboard;
			sourceTree = "<group>";
		};
/* End PBXVariantGroup section */

/* Begin XCBuildConfiguration section */
		040D10ED22C99DE600001509 /* Debug */ = {
			isa = XCBuildConfiguration;
			buildSettings = {
				ALWAYS_SEARCH_USER_PATHS = NO;
				CLANG_ANALYZER_NONNULL = YES;
				CLANG_ANALYZER_NUMBER_OBJECT_CONVERSION = YES_AGGRESSIVE;
				CLANG_CXX_LANGUAGE_STANDARD = "gnu++14";
				CLANG_CXX_LIBRARY = "libc++";
				CLANG_ENABLE_MODULES = YES;
				CLANG_ENABLE_OBJC_ARC = YES;
				CLANG_ENABLE_OBJC_WEAK = YES;
				CLANG_WARN_BLOCK_CAPTURE_AUTORELEASING = YES;
				CLANG_WARN_BOOL_CONVERSION = YES;
				CLANG_WARN_COMMA = YES;
				CLANG_WARN_CONSTANT_CONVERSION = YES;
				CLANG_WARN_DEPRECATED_OBJC_IMPLEMENTATIONS = YES;
				CLANG_WARN_DIRECT_OBJC_ISA_USAGE = YES_ERROR;
				CLANG_WARN_DOCUMENTATION_COMMENTS = YES;
				CLANG_WARN_EMPTY_BODY = YES;
				CLANG_WARN_ENUM_CONVERSION = YES;
				CLANG_WARN_INFINITE_RECURSION = YES;
				CLANG_WARN_INT_CONVERSION = YES;
				CLANG_WARN_NON_LITERAL_NULL_CONVERSION = YES;
				CLANG_WARN_OBJC_IMPLICIT_RETAIN_SELF = YES;
				CLANG_WARN_OBJC_LITERAL_CONVERSION = YES;
				CLANG_WARN_OBJC_ROOT_CLASS = YES_ERROR;
				CLANG_WARN_RANGE_LOOP_ANALYSIS = YES;
				CLANG_WARN_STRICT_PROTOTYPES = YES;
				CLANG_WARN_SUSPICIOUS_MOVE = YES;
				CLANG_WARN_UNGUARDED_AVAILABILITY = YES_AGGRESSIVE;
				CLANG_WARN_UNREACHABLE_CODE = YES;
				CLANG_WARN__DUPLICATE_METHOD_MATCH = YES;
				CODE_SIGN_IDENTITY = "iPhone Developer";
				COPY_PHASE_STRIP = NO;
				DEBUG_INFORMATION_FORMAT = dwarf;
				ENABLE_STRICT_OBJC_MSGSEND = YES;
				ENABLE_TESTABILITY = YES;
				GCC_C_LANGUAGE_STANDARD = gnu11;
				GCC_DYNAMIC_NO_PIC = NO;
				GCC_NO_COMMON_BLOCKS = YES;
				GCC_OPTIMIZATION_LEVEL = 0;
				GCC_PREPROCESSOR_DEFINITIONS = (
					"DEBUG=1",
					"$(inherited)",
				);
				GCC_WARN_64_TO_32_BIT_CONVERSION = YES;
				GCC_WARN_ABOUT_RETURN_TYPE = YES_ERROR;
				GCC_WARN_UNDECLARED_SELECTOR = YES;
				GCC_WARN_UNINITIALIZED_AUTOS = YES_AGGRESSIVE;
				GCC_WARN_UNUSED_FUNCTION = YES;
				GCC_WARN_UNUSED_VARIABLE = YES;
				IPHONEOS_DEPLOYMENT_TARGET = 12.2;
				MTL_ENABLE_DEBUG_INFO = INCLUDE_SOURCE;
				MTL_FAST_MATH = YES;
				ONLY_ACTIVE_ARCH = YES;
				SDKROOT = iphoneos;
				SWIFT_ACTIVE_COMPILATION_CONDITIONS = DEBUG;
				SWIFT_OPTIMIZATION_LEVEL = "-Onone";
			};
			name = Debug;
		};
		040D10EE22C99DE600001509 /* Release */ = {
			isa = XCBuildConfiguration;
			buildSettings = {
				ALWAYS_SEARCH_USER_PATHS = NO;
				CLANG_ANALYZER_NONNULL = YES;
				CLANG_ANALYZER_NUMBER_OBJECT_CONVERSION = YES_AGGRESSIVE;
				CLANG_CXX_LANGUAGE_STANDARD = "gnu++14";
				CLANG_CXX_LIBRARY = "libc++";
				CLANG_ENABLE_MODULES = YES;
				CLANG_ENABLE_OBJC_ARC = YES;
				CLANG_ENABLE_OBJC_WEAK = YES;
				CLANG_WARN_BLOCK_CAPTURE_AUTORELEASING = YES;
				CLANG_WARN_BOOL_CONVERSION = YES;
				CLANG_WARN_COMMA = YES;
				CLANG_WARN_CONSTANT_CONVERSION = YES;
				CLANG_WARN_DEPRECATED_OBJC_IMPLEMENTATIONS = YES;
				CLANG_WARN_DIRECT_OBJC_ISA_USAGE = YES_ERROR;
				CLANG_WARN_DOCUMENTATION_COMMENTS = YES;
				CLANG_WARN_EMPTY_BODY = YES;
				CLANG_WARN_ENUM_CONVERSION = YES;
				CLANG_WARN_INFINITE_RECURSION = YES;
				CLANG_WARN_INT_CONVERSION = YES;
				CLANG_WARN_NON_LITERAL_NULL_CONVERSION = YES;
				CLANG_WARN_OBJC_IMPLICIT_RETAIN_SELF = YES;
				CLANG_WARN_OBJC_LITERAL_CONVERSION = YES;
				CLANG_WARN_OBJC_ROOT_CLASS = YES_ERROR;
				CLANG_WARN_RANGE_LOOP_ANALYSIS = YES;
				CLANG_WARN_STRICT_PROTOTYPES = YES;
				CLANG_WARN_SUSPICIOUS_MOVE = YES;
				CLANG_WARN_UNGUARDED_AVAILABILITY = YES_AGGRESSIVE;
				CLANG_WARN_UNREACHABLE_CODE = YES;
				CLANG_WARN__DUPLICATE_METHOD_MATCH = YES;
				CODE_SIGN_IDENTITY = "iPhone Developer";
				COPY_PHASE_STRIP = NO;
				DEBUG_INFORMATION_FORMAT = "dwarf-with-dsym";
				ENABLE_NS_ASSERTIONS = NO;
				ENABLE_STRICT_OBJC_MSGSEND = YES;
				GCC_C_LANGUAGE_STANDARD = gnu11;
				GCC_NO_COMMON_BLOCKS = YES;
				GCC_WARN_64_TO_32_BIT_CONVERSION = YES;
				GCC_WARN_ABOUT_RETURN_TYPE = YES_ERROR;
				GCC_WARN_UNDECLARED_SELECTOR = YES;
				GCC_WARN_UNINITIALIZED_AUTOS = YES_AGGRESSIVE;
				GCC_WARN_UNUSED_FUNCTION = YES;
				GCC_WARN_UNUSED_VARIABLE = YES;
				IPHONEOS_DEPLOYMENT_TARGET = 12.2;
				MTL_ENABLE_DEBUG_INFO = NO;
				MTL_FAST_MATH = YES;
				SDKROOT = iphoneos;
				SWIFT_COMPILATION_MODE = wholemodule;
				SWIFT_OPTIMIZATION_LEVEL = "-O";
				VALIDATE_PRODUCT = YES;
			};
			name = Release;
		};
		040D10F022C99DE600001509 /* Debug */ = {
			isa = XCBuildConfiguration;
			buildSettings = {
				ASSETCATALOG_COMPILER_APPICON_NAME = AppIcon;
				CODE_SIGN_STYLE = Automatic;
				INFOPLIST_FILE = Feed_v1/Info.plist;
				LD_RUNPATH_SEARCH_PATHS = (
					"$(inherited)",
					"@executable_path/Frameworks",
				);
				PRODUCT_BUNDLE_IDENTIFIER = "com.michiisoft.Feed-v1";
				PRODUCT_NAME = "$(TARGET_NAME)";
				SWIFT_VERSION = 5.0;
				TARGETED_DEVICE_FAMILY = "1,2";
			};
			name = Debug;
		};
		040D10F122C99DE600001509 /* Release */ = {
			isa = XCBuildConfiguration;
			buildSettings = {
				ASSETCATALOG_COMPILER_APPICON_NAME = AppIcon;
				CODE_SIGN_STYLE = Automatic;
				INFOPLIST_FILE = Feed_v1/Info.plist;
				LD_RUNPATH_SEARCH_PATHS = (
					"$(inherited)",
					"@executable_path/Frameworks",
				);
				PRODUCT_BUNDLE_IDENTIFIER = "com.michiisoft.Feed-v1";
				PRODUCT_NAME = "$(TARGET_NAME)";
				SWIFT_VERSION = 5.0;
				TARGETED_DEVICE_FAMILY = "1,2";
			};
			name = Release;
		};
/* End XCBuildConfiguration section */

/* Begin XCConfigurationList section */
		040D10D822C99DE400001509 /* Build configuration list for PBXProject "Feed_v1" */ = {
			isa = XCConfigurationList;
			buildConfigurations = (
				040D10ED22C99DE600001509 /* Debug */,
				040D10EE22C99DE600001509 /* Release */,
			);
			defaultConfigurationIsVisible = 0;
			defaultConfigurationName = Release;
		};
		040D10EF22C99DE600001509 /* Build configuration list for PBXNativeTarget "Feed_v1" */ = {
			isa = XCConfigurationList;
			buildConfigurations = (
				040D10F022C99DE600001509 /* Debug */,
				040D10F122C99DE600001509 /* Release */,
			);
			defaultConfigurationIsVisible = 0;
			defaultConfigurationName = Release;
		};
/* End XCConfigurationList section */
	};
	rootObject = 040D10D522C99DE400001509 /* Project object */;
}
